
Microsoft Visual Studio Solution File, Format Version 12.00
# Visual Studio Version 16
VisualStudioVersion = 16.0.29503.13
MinimumVisualStudioVersion = 10.0.40219.1
Project("{9A19103F-16F7-4668-BE54-9A1E7A4F7556}") = "Domain", "Domain\Domain.csproj", "{78771F8F-F142-4FC5-A3F5-99A2C299513A}"
EndProject
Project("{9A19103F-16F7-4668-BE54-9A1E7A4F7556}") = "Domain.Test", "Domain.Test\Domain.Test.csproj", "{B92FA41B-39C8-422D-9E56-71A3A45D5E75}"
EndProject
Project("{9A19103F-16F7-4668-BE54-9A1E7A4F7556}") = "Infrastructure", "Infrastructure\Infrastructure.csproj", "{42BDC672-C8D8-4C67-BF67-14AC4DC7D073}"
EndProject
Project("{9A19103F-16F7-4668-BE54-9A1E7A4F7556}") = "Application", "Application\Application.csproj", "{8D0EB197-2990-4CA4-A5CD-CD61AB929D06}"
EndProject
Project("{9A19103F-16F7-4668-BE54-9A1E7A4F7556}") = "WebApi", "WebApi\WebApi.csproj", "{ED5D131E-7180-46F4-952E-DB6152924069}"
EndProject
Project("{9A19103F-16F7-4668-BE54-9A1E7A4F7556}") = "ConsoleUI", "ConsoleUI\ConsoleUI.csproj", "{BF803C42-2392-49EF-B396-7DE674C6AB36}"
EndProject
Project("{9A19103F-16F7-4668-BE54-9A1E7A4F7556}") = "Infrastructure.Test", "Infrastructure.Test\Infrastructure.Test.csproj", "{A60D4A73-B323-4B7D-819E-7C63739B3616}"
EndProject
Project("{FAE04EC0-301F-11D3-BF4B-00C04F79EFBC}") = "Application.Test", "Application.Test\Application.Test.csproj", "{6E3D8F02-BD06-43F6-A7E7-49809221B46C}"
EndProject
Global
	GlobalSection(SolutionConfigurationPlatforms) = preSolution
		Debug|Any CPU = Debug|Any CPU
		Release|Any CPU = Release|Any CPU
	EndGlobalSection
	GlobalSection(ProjectConfigurationPlatforms) = postSolution
		{78771F8F-F142-4FC5-A3F5-99A2C299513A}.Debug|Any CPU.ActiveCfg = Debug|Any CPU
		{78771F8F-F142-4FC5-A3F5-99A2C299513A}.Debug|Any CPU.Build.0 = Debug|Any CPU
		{78771F8F-F142-4FC5-A3F5-99A2C299513A}.Release|Any CPU.ActiveCfg = Release|Any CPU
		{78771F8F-F142-4FC5-A3F5-99A2C299513A}.Release|Any CPU.Build.0 = Release|Any CPU
		{B92FA41B-39C8-422D-9E56-71A3A45D5E75}.Debug|Any CPU.ActiveCfg = Debug|Any CPU
		{B92FA41B-39C8-422D-9E56-71A3A45D5E75}.Debug|Any CPU.Build.0 = Debug|Any CPU
		{B92FA41B-39C8-422D-9E56-71A3A45D5E75}.Release|Any CPU.ActiveCfg = Release|Any CPU
		{B92FA41B-39C8-422D-9E56-71A3A45D5E75}.Release|Any CPU.Build.0 = Release|Any CPU
		{42BDC672-C8D8-4C67-BF67-14AC4DC7D073}.Debug|Any CPU.ActiveCfg = Debug|Any CPU
		{42BDC672-C8D8-4C67-BF67-14AC4DC7D073}.Debug|Any CPU.Build.0 = Debug|Any CPU
		{42BDC672-C8D8-4C67-BF67-14AC4DC7D073}.Release|Any CPU.ActiveCfg = Release|Any CPU
		{42BDC672-C8D8-4C67-BF67-14AC4DC7D073}.Release|Any CPU.Build.0 = Release|Any CPU
		{8D0EB197-2990-4CA4-A5CD-CD61AB929D06}.Debug|Any CPU.ActiveCfg = Debug|Any CPU
		{8D0EB197-2990-4CA4-A5CD-CD61AB929D06}.Debug|Any CPU.Build.0 = Debug|Any CPU
		{8D0EB197-2990-4CA4-A5CD-CD61AB929D06}.Release|Any CPU.ActiveCfg = Release|Any CPU
		{8D0EB197-2990-4CA4-A5CD-CD61AB929D06}.Release|Any CPU.Build.0 = Release|Any CPU
		{ED5D131E-7180-46F4-952E-DB6152924069}.Debug|Any CPU.ActiveCfg = Debug|Any CPU
		{ED5D131E-7180-46F4-952E-DB6152924069}.Debug|Any CPU.Build.0 = Debug|Any CPU
		{ED5D131E-7180-46F4-952E-DB6152924069}.Release|Any CPU.ActiveCfg = Release|Any CPU
		{ED5D131E-7180-46F4-952E-DB6152924069}.Release|Any CPU.Build.0 = Release|Any CPU
		{BF803C42-2392-49EF-B396-7DE674C6AB36}.Debug|Any CPU.ActiveCfg = Debug|Any CPU
		{BF803C42-2392-49EF-B396-7DE674C6AB36}.Debug|Any CPU.Build.0 = Debug|Any CPU
		{BF803C42-2392-49EF-B396-7DE674C6AB36}.Release|Any CPU.ActiveCfg = Release|Any CPU
		{BF803C42-2392-49EF-B396-7DE674C6AB36}.Release|Any CPU.Build.0 = Release|Any CPU
		{A60D4A73-B323-4B7D-819E-7C63739B3616}.Debug|Any CPU.ActiveCfg = Debug|Any CPU
		{A60D4A73-B323-4B7D-819E-7C63739B3616}.Debug|Any CPU.Build.0 = Debug|Any CPU
		{A60D4A73-B323-4B7D-819E-7C63739B3616}.Release|Any CPU.ActiveCfg = Release|Any CPU
		{A60D4A73-B323-4B7D-819E-7C63739B3616}.Release|Any CPU.Build.0 = Release|Any CPU
		{6E3D8F02-BD06-43F6-A7E7-49809221B46C}.Debug|Any CPU.ActiveCfg = Debug|Any CPU
		{6E3D8F02-BD06-43F6-A7E7-49809221B46C}.Debug|Any CPU.Build.0 = Debug|Any CPU
		{6E3D8F02-BD06-43F6-A7E7-49809221B46C}.Release|Any CPU.ActiveCfg = Release|Any CPU
		{6E3D8F02-BD06-43F6-A7E7-49809221B46C}.Release|Any CPU.Build.0 = Release|Any CPU
	EndGlobalSection
	GlobalSection(SolutionProperties) = preSolution
		HideSolutionNode = FALSE
	EndGlobalSection
	GlobalSection(ExtensibilityGlobals) = postSolution
		SolutionGuid = {42DDA2A6-C643-4589-B35F-8B3E09650C32}
	EndGlobalSection
EndGlobal
